
Microsoft Visual Studio Solution File, Format Version 12.00
# Visual Studio 15
VisualStudioVersion = 15.0.28010.2026
MinimumVisualStudioVersion = 10.0.40219.1
Project("{FAE04EC0-301F-11D3-BF4B-00C04F79EFBC}") = "ConsoleApp2", "ConsoleApp2\ConsoleApp2.csproj", "{4EEA6269-0FE6-4DC5-A700-128EB22AAC27}"
EndProject
Global
	GlobalSection(SolutionConfigurationPlatforms) = preSolution
		Debug|Any CPU = Debug|Any CPU
		Release|Any CPU = Release|Any CPU
	EndGlobalSection
	GlobalSection(ProjectConfigurationPlatforms) = postSolution
		{4EEA6269-0FE6-4DC5-A700-128EB22AAC27}.Debug|Any CPU.ActiveCfg = Debug|Any CPU
		{4EEA6269-0FE6-4DC5-A700-128EB22AAC27}.Debug|Any CPU.Build.0 = Debug|Any CPU
		{4EEA6269-0FE6-4DC5-A700-128EB22AAC27}.Release|Any CPU.ActiveCfg = Release|Any CPU
		{4EEA6269-0FE6-4DC5-A700-128EB22AAC27}.Release|Any CPU.Build.0 = Release|Any CPU
	EndGlobalSection
	GlobalSection(SolutionProperties) = preSolution
		HideSolutionNode = FALSE
	EndGlobalSection
	GlobalSection(ExtensibilityGlobals) = postSolution
		SolutionGuid = {3CD66F1B-3A8A-4366-8C7A-7BEB0B5ED258}
	EndGlobalSection
EndGlobal
