
Microsoft Visual Studio Solution File, Format Version 12.00
# Visual Studio 15
VisualStudioVersion = 15.0.28010.2026
MinimumVisualStudioVersion = 10.0.40219.1
Project("{FAE04EC0-301F-11D3-BF4B-00C04F79EFBC}") = "ShapeUSer", "ShapeUSer\ShapeUSer.csproj", "{A2145F16-781A-44E4-9ABD-77E9706330A3}"
EndProject
Global
	GlobalSection(SolutionConfigurationPlatforms) = preSolution
		Debug|Any CPU = Debug|Any CPU
		Release|Any CPU = Release|Any CPU
	EndGlobalSection
	GlobalSection(ProjectConfigurationPlatforms) = postSolution
		{A2145F16-781A-44E4-9ABD-77E9706330A3}.Debug|Any CPU.ActiveCfg = Debug|Any CPU
		{A2145F16-781A-44E4-9ABD-77E9706330A3}.Debug|Any CPU.Build.0 = Debug|Any CPU
		{A2145F16-781A-44E4-9ABD-77E9706330A3}.Release|Any CPU.ActiveCfg = Release|Any CPU
		{A2145F16-781A-44E4-9ABD-77E9706330A3}.Release|Any CPU.Build.0 = Release|Any CPU
	EndGlobalSection
	GlobalSection(SolutionProperties) = preSolution
		HideSolutionNode = FALSE
	EndGlobalSection
	GlobalSection(ExtensibilityGlobals) = postSolution
		SolutionGuid = {B3BBB068-6CD3-4BFE-AF99-4CFB63676B59}
	EndGlobalSection
EndGlobal
