
Microsoft Visual Studio Solution File, Format Version 12.00
# Visual Studio 15
VisualStudioVersion = 15.0.28010.2026
MinimumVisualStudioVersion = 10.0.40219.1
Project("{FAE04EC0-301F-11D3-BF4B-00C04F79EFBC}") = "WpfApp1", "WpfApp1\WpfApp1.csproj", "{91A9B2ED-4075-4FA4-A119-712A18D54860}"
EndProject
Global
	GlobalSection(SolutionConfigurationPlatforms) = preSolution
		Debug|Any CPU = Debug|Any CPU
		Release|Any CPU = Release|Any CPU
	EndGlobalSection
	GlobalSection(ProjectConfigurationPlatforms) = postSolution
		{91A9B2ED-4075-4FA4-A119-712A18D54860}.Debug|Any CPU.ActiveCfg = Debug|Any CPU
		{91A9B2ED-4075-4FA4-A119-712A18D54860}.Debug|Any CPU.Build.0 = Debug|Any CPU
		{91A9B2ED-4075-4FA4-A119-712A18D54860}.Release|Any CPU.ActiveCfg = Release|Any CPU
		{91A9B2ED-4075-4FA4-A119-712A18D54860}.Release|Any CPU.Build.0 = Release|Any CPU
	EndGlobalSection
	GlobalSection(SolutionProperties) = preSolution
		HideSolutionNode = FALSE
	EndGlobalSection
	GlobalSection(ExtensibilityGlobals) = postSolution
		SolutionGuid = {06DF0D4C-2FE4-4BEC-8E76-3AB2271697D5}
	EndGlobalSection
EndGlobal
